<?xml version="1.0" encoding="utf-8"?>
<Project ToolsVersion="4.0" xmlns="http://schemas.microsoft.com/developer/msbuild/2003">
  <ItemGroup>
    <Filter Include="Source Files">
      <UniqueIdentifier>{4FC737F1-C7A5-4376-A066-2A32D752A2FF}</UniqueIdentifier>
      <Extensions>cpp;c;cc;cxx;def;odl;idl;hpj;bat;asm;asmx</Extensions>
    </Filter>
    <Filter Include="Header Files">
      <UniqueIdentifier>{93995380-89BD-4b04-88EB-625FBE52EBFB}</UniqueIdentifier>
      <Extensions>h;hh;hpp;hxx;hm;inl;inc;xsd</Extensions>
    </Filter>
    <Filter Include="Resource Files">
      <UniqueIdentifier>{67DA6AB6-F800-4c08-8B7A-83BB121AAD01}</UniqueIdentifier>
      <Extensions>rc;ico;cur;bmp;dlg;rc2;rct;bin;rgs;gif;jpg;jpeg;jpe;resx;tiff;tif;png;wav;mfcribbon-ms</Extensions>
    </Filter>
    <Filter Include="Source Files\Interface">
      <UniqueIdentifier>{3d216b34-7f3f-4bcc-9dea-88db023e5a5d}</UniqueIdentifier>
    </Filter>
    <Filter Include="Source Files\Parsing">
      <UniqueIdentifier>{23b6e0bf-7e53-4c7c-a75c-0b918be26e36}</UniqueIdentifier>
    </Filter>
    <Filter Include="Source Files\Rewriting">
      <UniqueIdentifier>{e78b484d-0f7e-4f40-aa2b-cf72baec932d}</UniqueIdentifier>
    </Filter>
    <Filter Include="Header Files\Parsing">
      <UniqueIdentifier>{4e838a5e-0333-45d9-91bd-56b088c54f06}</UniqueIdentifier>
    </Filter>
    <Filter Include="Header Files\Rewriting">
      <UniqueIdentifier>{b9d7a0f4-980e-48ef-81d6-8c618073e5e4}</UniqueIdentifier>
    </Filter>
    <Filter Include="Header Files\Interface">
      <UniqueIdentifier>{fb1eb1da-9018-4543-8d56-e4574376c037}</UniqueIdentifier>
    </Filter>
  </ItemGroup>
  <ItemGroup>
    <ClCompile Include="main.cpp">
      <Filter>Source Files</Filter>
    </ClCompile>
    <ClCompile Include="Parsing\node.cpp">
      <Filter>Source Files\Parsing</Filter>
    </ClCompile>
    <ClCompile Include="Parsing\shuntingYard.cpp">
      <Filter>Source Files\Parsing</Filter>
    </ClCompile>
    <ClCompile Include="Parsing\token.cpp">
      <Filter>Source Files\Parsing</Filter>
    </ClCompile>
    <ClCompile Include="Parsing\tokenize.cpp">
      <Filter>Source Files\Parsing</Filter>
    </ClCompile>
    <ClCompile Include="Parsing\tree.cpp">
      <Filter>Source Files\Parsing</Filter>
    </ClCompile>
    <ClCompile Include="Rewriting\rule.cpp">
      <Filter>Source Files\Rewriting</Filter>
    </ClCompile>
    <ClCompile Include="button.cpp">
      <Filter>Source Files\Interface</Filter>
    </ClCompile>
  </ItemGroup>
  <ItemGroup>
    <ClInclude Include="main.h">
      <Filter>Header Files</Filter>
    </ClInclude>
    <ClInclude Include="Parsing\node.h">
      <Filter>Header Files\Parsing</Filter>
    </ClInclude>
    <ClInclude Include="Parsing\shuntingYard.h">
      <Filter>Header Files\Parsing</Filter>
    </ClInclude>
    <ClInclude Include="Parsing\token.h">
      <Filter>Header Files\Parsing</Filter>
    </ClInclude>
    <ClInclude Include="Parsing\tokenize.h">
      <Filter>Header Files\Parsing</Filter>
    </ClInclude>
    <ClInclude Include="Parsing\tree.h">
      <Filter>Header Files\Parsing</Filter>
    </ClInclude>
    <ClInclude Include="Rewriting\rule.h">
      <Filter>Header Files\Rewriting</Filter>
    </ClInclude>
    <ClInclude Include="button.h">
      <Filter>Header Files\Interface</Filter>
    </ClInclude>
  </ItemGroup>
</Project>